lockfileVersion: '6.0'

settings:
  autoInstallPeers: true
  excludeLinksFromLockfile: false

dependencies:
  '@pinecone-database/pinecone':
    specifier: ^2.0.1
    version: 2.0.1
  '@vercel/ai':
    specifier: ^3.0.1
    version: 3.0.1(ai@2.2.31)
  ai:
    specifier: ^2.2.31
    version: 2.2.31
  cheerio:
    specifier: ^1.0.0-rc.12
    version: 1.0.0-rc.12
  clsx:
    specifier: ^2.1.0
    version: 2.1.0
  dotenv:
    specifier: ^16.3.1
    version: 16.3.1
  framer-motion:
    specifier: ^11.0.8
    version: 11.0.8(react-dom@18.2.0)(react@18.2.0)
  langchain:
    specifier: ^0.1.12
    version: 0.1.12
  lucide-react:
    specifier: ^0.344.0
    version: 0.344.0(react@18.2.0)
  node-fetch:
    specifier: ^3.3.2
    version: 3.3.2
  pdf-parse:
    specifier: ^1.1.1
    version: 1.1.1
  react:
    specifier: ^18.2.0
    version: 18.2.0
  react-dom:
    specifier: ^18.2.0
    version: 18.2.0(react@18.2.0)
  react-markdown:
    specifier: ^9.0.1
    version: 9.0.1(react@18.2.0)
  rehype-raw:
    specifier: ^7.0.0
    version: 7.0.0
  remark-gfm:
    specifier: ^4.0.0
    version: 4.0.0
  tailwind-merge:
    specifier: ^2.2.1
    version: 2.2.1
  uuid:
    specifier: ^9.0.1
    version: 9.0.1

devDependencies:
  '@types/node':
    specifier: ^20.11.5
    version: 20.11.5
  '@types/react':
    specifier: ^18.2.43
    version: 18.2.43
  '@types/react-dom':
    specifier: ^18.2.17
    version: 18.2.17
  '@types/uuid':
    specifier: ^9.0.7
    version: 9.0.7
  '@typescript-eslint/eslint-plugin':
    specifier: ^6.14.0
    version: 6.14.0(@typescript-eslint/parser@6.14.0)(eslint@8.55.0)(typescript@5.2.2)
  '@typescript-eslint/parser':
    specifier: ^6.14.0
    version: 6.14.0(eslint@8.55.0)(typescript@5.2.2)
  '@vitejs/plugin-react':
    specifier: ^4.2.1
    version: 4.2.1(vite@5.0.8)
  autoprefixer:
    specifier: ^10.4.18
    version: 10.4.18(postcss@8.4.35)
  eslint:
    specifier: ^8.55.0
    version: 8.55.0
  eslint-plugin-react-hooks:
    specifier: ^4.6.0
    version: 4.6.0(eslint@8.55.0)
  eslint-plugin-react-refresh:
    specifier: ^0.4.5
    version: 0.4.5(eslint@8.55.0)
  postcss:
    specifier: ^8.4.35
    version: 8.4.35
  tailwindcss:
    specifier: ^3.4.1
    version: 3.4.1
  typescript:
    specifier: ^5.2.2
    version: 5.2.2
  vite:
    specifier: ^5.0.8
    version: 5.0.8